
Microsoft Visual Studio Solution File, Format Version 12.00
# Visual Studio Version 17
VisualStudioVersion = 17.5.002.0
MinimumVisualStudioVersion = 10.0.40219.1
Project("{9A19103F-16F7-4668-BE54-9A1E7A4F7556}") = "BluetoothHaxxor", "BluetoothHaxxor.csproj", "{83CF2F52-0B79-40F2-9EC1-5AA507425338}"
EndProject
Global
	GlobalSection(SolutionConfigurationPlatforms) = preSolution
		Debug|Any CPU = Debug|Any CPU
		Release|Any CPU = Release|Any CPU
	EndGlobalSection
	GlobalSection(ProjectConfigurationPlatforms) = postSolution
		{83CF2F52-0B79-40F2-9EC1-5AA507425338}.Debug|Any CPU.ActiveCfg = Debug|Any CPU
		{83CF2F52-0B79-40F2-9EC1-5AA507425338}.Debug|Any CPU.Build.0 = Debug|Any CPU
		{83CF2F52-0B79-40F2-9EC1-5AA507425338}.Release|Any CPU.ActiveCfg = Release|Any CPU
		{83CF2F52-0B79-40F2-9EC1-5AA507425338}.Release|Any CPU.Build.0 = Release|Any CPU
	EndGlobalSection
	GlobalSection(SolutionProperties) = preSolution
		HideSolutionNode = FALSE
	EndGlobalSection
	GlobalSection(ExtensibilityGlobals) = postSolution
		SolutionGuid = {4FABD600-4C57-449A-8576-4568A680A06F}
	EndGlobalSection
EndGlobal
